// !$*UTF8*$!
{
	archiveVersion = 1;
	classes = {
	};
	objectVersion = 50;
	objects = {

/* Begin PBXBuildFile section */
		58C7A0031D719816690319DE /* CartBtnList.swift in Sources */ = {isa = PBXBuildFile; fileRef = 58C7A91B1A96E4470EE9F1B0 /* CartBtnList.swift */; };
		58C7A1B4512FAD04CDE7718B /* CartBtnDetail.xib in Resources */ = {isa = PBXBuildFile; fileRef = 58C7A09C57E92BA2608CCE17 /* CartBtnDetail.xib */; };
		58C7A246DC45E36884682563 /* CategoryResponse.swift in Sources */ = {isa = PBXBuildFile; fileRef = 58C7AC67ABD69382F52B1C43 /* CategoryResponse.swift */; };
		58C7A2731E37A724E2B15EEA /* DetailViewModelProtocol.swift in Sources */ = {isa = PBXBuildFile; fileRef = 58C7A5CF4D7FA4A2B297DDBF /* DetailViewModelProtocol.swift */; };
		58C7A40E687755F8477F95A0 /* ListViewModel.swift in Sources */ = {isa = PBXBuildFile; fileRef = 58C7AFBC75CDE3C83964BE9B /* ListViewModel.swift */; };
		58C7A5A99884F55CE73DE125 /* Detail.storyboard in Resources */ = {isa = PBXBuildFile; fileRef = 58C7A9CB2DFA8E7DC1711493 /* Detail.storyboard */; };
		58C7A5DF3C889C4E545F533E /* CartBtnList.xib in Resources */ = {isa = PBXBuildFile; fileRef = 58C7A136E0CDD80AB2296F26 /* CartBtnList.xib */; };
		58C7A6E756E04F1A2D293B54 /* ListCellViewModel.swift in Sources */ = {isa = PBXBuildFile; fileRef = 58C7A43A41482519C3720D8E /* ListCellViewModel.swift */; };
		58C7A71881039A6562687D84 /* CartCount.xib in Resources */ = {isa = PBXBuildFile; fileRef = 58C7A81EA9A9C56EEDDEC004 /* CartCount.xib */; };
		58C7A8D2CE079A437B9CB1E9 /* CartCount.swift in Sources */ = {isa = PBXBuildFile; fileRef = 58C7A226F69471C33DC44A29 /* CartCount.swift */; };
		58C7AA2827E3A68B82E5A75F /* DetailCellViewModel.swift in Sources */ = {isa = PBXBuildFile; fileRef = 58C7A820533124612A752FB1 /* DetailCellViewModel.swift */; };
		58C7AB6D0E0E3257FC7C024B /* CartBtnDetail.swift in Sources */ = {isa = PBXBuildFile; fileRef = 58C7AB0074DBA37519361309 /* CartBtnDetail.swift */; };
		58C7ACFCABA9A63D882FC95C /* ListCellViewModalProtocol.swift in Sources */ = {isa = PBXBuildFile; fileRef = 58C7A649381F95437AB11DF9 /* ListCellViewModalProtocol.swift */; };
		58C7AD1AC57057DFBB09E796 /* DetailCellViewModalProtocol.swift in Sources */ = {isa = PBXBuildFile; fileRef = 58C7A6FC16948CC0306AA5F5 /* DetailCellViewModalProtocol.swift */; };
		58C7ADE823FBB1A438A8317A /* ListViewModelProtocol.swift in Sources */ = {isa = PBXBuildFile; fileRef = 58C7AD57EFC2A24C96864008 /* ListViewModelProtocol.swift */; };
		AC101F382652DA0700229855 /* AppDelegate.swift in Sources */ = {isa = PBXBuildFile; fileRef = AC101F372652DA0700229855 /* AppDelegate.swift */; };
		AC101F3A2652DA0700229855 /* SceneDelegate.swift in Sources */ = {isa = PBXBuildFile; fileRef = AC101F392652DA0700229855 /* SceneDelegate.swift */; };
		AC101F422652DA0700229855 /* ItemListTest.xcdatamodeld in Sources */ = {isa = PBXBuildFile; fileRef = AC101F402652DA0700229855 /* ItemListTest.xcdatamodeld */; };
		AC101F442652DA0800229855 /* Assets.xcassets in Resources */ = {isa = PBXBuildFile; fileRef = AC101F432652DA0800229855 /* Assets.xcassets */; };
		AC101F472652DA0800229855 /* LaunchScreen.storyboard in Resources */ = {isa = PBXBuildFile; fileRef = AC101F452652DA0800229855 /* LaunchScreen.storyboard */; };
		AC101F532652DB8C00229855 /* List.storyboard in Resources */ = {isa = PBXBuildFile; fileRef = AC101F522652DB8C00229855 /* List.storyboard */; };
		AC101F552652DBA100229855 /* ListViewController.swift in Sources */ = {isa = PBXBuildFile; fileRef = AC101F542652DBA100229855 /* ListViewController.swift */; };
		AC101F5A2652EE4200229855 /* Product.swift in Sources */ = {isa = PBXBuildFile; fileRef = AC101F592652EE4200229855 /* Product.swift */; };
		AC3F669F2657E3F2003658EC /* CategoryListTableCell.swift in Sources */ = {isa = PBXBuildFile; fileRef = AC3F669E2657E3F2003658EC /* CategoryListTableCell.swift */; };
		AC3F66A12657E4DB003658EC /* CartBtnProtocol.swift in Sources */ = {isa = PBXBuildFile; fileRef = AC3F66A02657E4DB003658EC /* CartBtnProtocol.swift */; };
		AC3F66A42657E797003658EC /* DetailViewModel.swift in Sources */ = {isa = PBXBuildFile; fileRef = AC3F66A32657E797003658EC /* DetailViewModel.swift */; };
		AC5865E92656A52600A14876 /* ImageNetworking.swift in Sources */ = {isa = PBXBuildFile; fileRef = AC5865E82656A52600A14876 /* ImageNetworking.swift */; };
		AC85D4AC2653FDFD0017B5AC /* ProductNetworking.swift in Sources */ = {isa = PBXBuildFile; fileRef = AC85D4AB2653FDFD0017B5AC /* ProductNetworking.swift */; };
		AC85D4B0265430140017B5AC /* Category.swift in Sources */ = {isa = PBXBuildFile; fileRef = AC85D4AF265430140017B5AC /* Category.swift */; };
		ACC026FE2657A77C00021DAC /* DetailViewController.swift in Sources */ = {isa = PBXBuildFile; fileRef = ACC026FD2657A77C00021DAC /* DetailViewController.swift */; };
		ACFCF5522653A70700A46D40 /* ProductListTableCell.swift in Sources */ = {isa = PBXBuildFile; fileRef = ACFCF5512653A70700A46D40 /* ProductListTableCell.swift */; };
		ACFCF5592653CCC900A46D40 /* Networking.swift in Sources */ = {isa = PBXBuildFile; fileRef = ACFCF5582653CCC900A46D40 /* Networking.swift */; };
		ACFCF55C2653D4C900A46D40 /* ProductResponse.swift in Sources */ = {isa = PBXBuildFile; fileRef = ACFCF55B2653D4C900A46D40 /* ProductResponse.swift */; };
/* End PBXBuildFile section */

/* Begin PBXFileReference section */
		58C7A09C57E92BA2608CCE17 /* CartBtnDetail.xib */ = {isa = PBXFileReference; lastKnownFileType = file.xib; path = CartBtnDetail.xib; sourceTree = "<group>"; };
		58C7A136E0CDD80AB2296F26 /* CartBtnList.xib */ = {isa = PBXFileReference; lastKnownFileType = file.xib; path = CartBtnList.xib; sourceTree = "<group>"; };
		58C7A226F69471C33DC44A29 /* CartCount.swift */ = {isa = PBXFileReference; fileEncoding = 4; lastKnownFileType = sourcecode.swift; path = CartCount.swift; sourceTree = "<group>"; };
		58C7A43A41482519C3720D8E /* ListCellViewModel.swift */ = {isa = PBXFileReference; fileEncoding = 4; lastKnownFileType = sourcecode.swift; path = ListCellViewModel.swift; sourceTree = "<group>"; };
		58C7A5CF4D7FA4A2B297DDBF /* DetailViewModelProtocol.swift */ = {isa = PBXFileReference; fileEncoding = 4; lastKnownFileType = sourcecode.swift; path = DetailViewModelProtocol.swift; sourceTree = "<group>"; };
		58C7A649381F95437AB11DF9 /* ListCellViewModalProtocol.swift */ = {isa = PBXFileReference; fileEncoding = 4; lastKnownFileType = sourcecode.swift; path = ListCellViewModalProtocol.swift; sourceTree = "<group>"; };
		58C7A6FC16948CC0306AA5F5 /* DetailCellViewModalProtocol.swift */ = {isa = PBXFileReference; fileEncoding = 4; lastKnownFileType = sourcecode.swift; path = DetailCellViewModalProtocol.swift; sourceTree = "<group>"; };
		58C7A81EA9A9C56EEDDEC004 /* CartCount.xib */ = {isa = PBXFileReference; lastKnownFileType = file.xib; path = CartCount.xib; sourceTree = "<group>"; };
		58C7A820533124612A752FB1 /* DetailCellViewModel.swift */ = {isa = PBXFileReference; fileEncoding = 4; lastKnownFileType = sourcecode.swift; path = DetailCellViewModel.swift; sourceTree = "<group>"; };
		58C7A91B1A96E4470EE9F1B0 /* CartBtnList.swift */ = {isa = PBXFileReference; fileEncoding = 4; lastKnownFileType = sourcecode.swift; path = CartBtnList.swift; sourceTree = "<group>"; };
		58C7A9CB2DFA8E7DC1711493 /* Detail.storyboard */ = {isa = PBXFileReference; lastKnownFileType = file.storyboard; path = Detail.storyboard; sourceTree = "<group>"; };
		58C7AB0074DBA37519361309 /* CartBtnDetail.swift */ = {isa = PBXFileReference; fileEncoding = 4; lastKnownFileType = sourcecode.swift; path = CartBtnDetail.swift; sourceTree = "<group>"; };
		58C7AC67ABD69382F52B1C43 /* CategoryResponse.swift */ = {isa = PBXFileReference; fileEncoding = 4; lastKnownFileType = sourcecode.swift; path = CategoryResponse.swift; sourceTree = "<group>"; };
		58C7AD57EFC2A24C96864008 /* ListViewModelProtocol.swift */ = {isa = PBXFileReference; fileEncoding = 4; lastKnownFileType = sourcecode.swift; path = ListViewModelProtocol.swift; sourceTree = "<group>"; };
		58C7AFBC75CDE3C83964BE9B /* ListViewModel.swift */ = {isa = PBXFileReference; fileEncoding = 4; lastKnownFileType = sourcecode.swift; path = ListViewModel.swift; sourceTree = "<group>"; };
		AC101F342652DA0700229855 /* ProductList-MVVM.app */ = {isa = PBXFileReference; explicitFileType = wrapper.application; includeInIndex = 0; path = "ProductList-MVVM.app"; sourceTree = BUILT_PRODUCTS_DIR; };
		AC101F372652DA0700229855 /* AppDelegate.swift */ = {isa = PBXFileReference; lastKnownFileType = sourcecode.swift; path = AppDelegate.swift; sourceTree = "<group>"; };
		AC101F392652DA0700229855 /* SceneDelegate.swift */ = {isa = PBXFileReference; lastKnownFileType = sourcecode.swift; path = SceneDelegate.swift; sourceTree = "<group>"; };
		AC101F412652DA0700229855 /* ItemListTest.xcdatamodel */ = {isa = PBXFileReference; lastKnownFileType = wrapper.xcdatamodel; path = ItemListTest.xcdatamodel; sourceTree = "<group>"; };
		AC101F432652DA0800229855 /* Assets.xcassets */ = {isa = PBXFileReference; lastKnownFileType = folder.assetcatalog; path = Assets.xcassets; sourceTree = "<group>"; };
		AC101F462652DA0800229855 /* Base */ = {isa = PBXFileReference; lastKnownFileType = file.storyboard; name = Base; path = Base.lproj/LaunchScreen.storyboard; sourceTree = "<group>"; };
		AC101F482652DA0800229855 /* Info.plist */ = {isa = PBXFileReference; lastKnownFileType = text.plist.xml; path = Info.plist; sourceTree = "<group>"; };
		AC101F522652DB8C00229855 /* List.storyboard */ = {isa = PBXFileReference; lastKnownFileType = file.storyboard; path = List.storyboard; sourceTree = "<group>"; };
		AC101F542652DBA100229855 /* ListViewController.swift */ = {isa = PBXFileReference; lastKnownFileType = sourcecode.swift; path = ListViewController.swift; sourceTree = "<group>"; };
		AC101F592652EE4200229855 /* Product.swift */ = {isa = PBXFileReference; lastKnownFileType = sourcecode.swift; path = Product.swift; sourceTree = "<group>"; };
		AC3F669E2657E3F2003658EC /* CategoryListTableCell.swift */ = {isa = PBXFileReference; fileEncoding = 4; lastKnownFileType = sourcecode.swift; path = CategoryListTableCell.swift; sourceTree = "<group>"; };
		AC3F66A02657E4DB003658EC /* CartBtnProtocol.swift */ = {isa = PBXFileReference; lastKnownFileType = sourcecode.swift; path = CartBtnProtocol.swift; sourceTree = "<group>"; };
		AC3F66A32657E797003658EC /* DetailViewModel.swift */ = {isa = PBXFileReference; fileEncoding = 4; lastKnownFileType = sourcecode.swift; path = DetailViewModel.swift; sourceTree = "<group>"; };
		AC5865E82656A52600A14876 /* ImageNetworking.swift */ = {isa = PBXFileReference; lastKnownFileType = sourcecode.swift; path = ImageNetworking.swift; sourceTree = "<group>"; };
		AC85D4AB2653FDFD0017B5AC /* ProductNetworking.swift */ = {isa = PBXFileReference; lastKnownFileType = sourcecode.swift; path = ProductNetworking.swift; sourceTree = "<group>"; };
		AC85D4AF265430140017B5AC /* Category.swift */ = {isa = PBXFileReference; fileEncoding = 4; lastKnownFileType = sourcecode.swift; path = Category.swift; sourceTree = "<group>"; };
		ACC026FD2657A77C00021DAC /* DetailViewController.swift */ = {isa = PBXFileReference; lastKnownFileType = sourcecode.swift; path = DetailViewController.swift; sourceTree = "<group>"; };
		ACFCF5512653A70700A46D40 /* ProductListTableCell.swift */ = {isa = PBXFileReference; lastKnownFileType = sourcecode.swift; path = ProductListTableCell.swift; sourceTree = "<group>"; };
		ACFCF5582653CCC900A46D40 /* Networking.swift */ = {isa = PBXFileReference; lastKnownFileType = sourcecode.swift; path = Networking.swift; sourceTree = "<group>"; };
		ACFCF55B2653D4C900A46D40 /* ProductResponse.swift */ = {isa = PBXFileReference; lastKnownFileType = sourcecode.swift; path = ProductResponse.swift; sourceTree = "<group>"; };
/* End PBXFileReference section */

/* Begin PBXFrameworksBuildPhase section */
		AC101F312652DA0700229855 /* Frameworks */ = {
			isa = PBXFrameworksBuildPhase;
			buildActionMask = 2147483647;
			files = (
			);
			runOnlyForDeploymentPostprocessing = 0;
		};
/* End PBXFrameworksBuildPhase section */

/* Begin PBXGroup section */
		58C7A00632097A92D1A8BFBB /* Owners */ = {
			isa = PBXGroup;
			children = (
				58C7A226F69471C33DC44A29 /* CartCount.swift */,
				58C7A91B1A96E4470EE9F1B0 /* CartBtnList.swift */,
				58C7AB0074DBA37519361309 /* CartBtnDetail.swift */,
			);
			path = Owners;
			sourceTree = "<group>";
		};
		58C7A4BA0D3011C7F206E186 /* Xibs */ = {
			isa = PBXGroup;
			children = (
				58C7A00632097A92D1A8BFBB /* Owners */,
				58C7A136E0CDD80AB2296F26 /* CartBtnList.xib */,
				58C7A09C57E92BA2608CCE17 /* CartBtnDetail.xib */,
				58C7A81EA9A9C56EEDDEC004 /* CartCount.xib */,
			);
			path = Xibs;
			sourceTree = "<group>";
		};
		AC101F2B2652DA0700229855 = {
			isa = PBXGroup;
			children = (
				AC101F362652DA0700229855 /* ProductList-MVVM */,
				AC101F352652DA0700229855 /* Products */,
			);
			sourceTree = "<group>";
		};
		AC101F352652DA0700229855 /* Products */ = {
			isa = PBXGroup;
			children = (
				AC101F342652DA0700229855 /* ProductList-MVVM.app */,
			);
			name = Products;
			sourceTree = "<group>";
		};
		AC101F362652DA0700229855 /* ProductList-MVVM */ = {
			isa = PBXGroup;
			children = (
				AC101F5B2652EEC000229855 /* Models */,
				AC5291E826696805008E18AB /* Modules */,
				AC101F4E2652DA4800229855 /* Supporting files */,
				ACFCF5532653A70A00A46D40 /* Components */,
			);
			path = "ProductList-MVVM";
			sourceTree = "<group>";
		};
		AC101F4E2652DA4800229855 /* Supporting files */ = {
			isa = PBXGroup;
			children = (
				AC101F372652DA0700229855 /* AppDelegate.swift */,
				AC101F392652DA0700229855 /* SceneDelegate.swift */,
				AC101F432652DA0800229855 /* Assets.xcassets */,
				AC101F452652DA0800229855 /* LaunchScreen.storyboard */,
				AC101F482652DA0800229855 /* Info.plist */,
				AC101F402652DA0700229855 /* ItemListTest.xcdatamodeld */,
			);
			path = "Supporting files";
			sourceTree = "<group>";
		};
		AC101F5B2652EEC000229855 /* Models */ = {
			isa = PBXGroup;
			children = (
				AC101F592652EE4200229855 /* Product.swift */,
				AC85D4AF265430140017B5AC /* Category.swift */,
				ACFCF55D2653D4D400A46D40 /* Responses */,
			);
			path = Models;
			sourceTree = "<group>";
		};
		AC3C8575266964C00037C5B8 /* List */ = {
			isa = PBXGroup;
			children = (
				ACD9E836266A1A3A00E6D6BD /* ViewModels */,
				ACD9E837266A1A4500E6D6BD /* Views */,
			);
			path = List;
			sourceTree = "<group>";
		};
		AC3C8576266964C80037C5B8 /* Detail */ = {
			isa = PBXGroup;
			children = (
				ACD9E839266A1A8F00E6D6BD /* Views */,
				ACD9E838266A1A8600E6D6BD /* ViewModels */,
			);
			path = Detail;
			sourceTree = "<group>";
		};
		AC3F66A22657E4E5003658EC /* Protocols */ = {
			isa = PBXGroup;
			children = (
				AC3F66A02657E4DB003658EC /* CartBtnProtocol.swift */,
				58C7AD57EFC2A24C96864008 /* ListViewModelProtocol.swift */,
				58C7A649381F95437AB11DF9 /* ListCellViewModalProtocol.swift */,
				58C7A5CF4D7FA4A2B297DDBF /* DetailViewModelProtocol.swift */,
				58C7A6FC16948CC0306AA5F5 /* DetailCellViewModalProtocol.swift */,
			);
			path = Protocols;
			sourceTree = "<group>";
		};
		AC5291E826696805008E18AB /* Modules */ = {
			isa = PBXGroup;
			children = (
				AC3C8575266964C00037C5B8 /* List */,
				AC3C8576266964C80037C5B8 /* Detail */,
			);
			path = Modules;
			sourceTree = "<group>";
		};
		ACD9E836266A1A3A00E6D6BD /* ViewModels */ = {
			isa = PBXGroup;
			children = (
				58C7AFBC75CDE3C83964BE9B /* ListViewModel.swift */,
				58C7A43A41482519C3720D8E /* ListCellViewModel.swift */,
			);
			path = ViewModels;
			sourceTree = "<group>";
		};
		ACD9E837266A1A4500E6D6BD /* Views */ = {
			isa = PBXGroup;
			children = (
				AC101F522652DB8C00229855 /* List.storyboard */,
				AC101F542652DBA100229855 /* ListViewController.swift */,
			);
			path = Views;
			sourceTree = "<group>";
		};
		ACD9E838266A1A8600E6D6BD /* ViewModels */ = {
			isa = PBXGroup;
			children = (
				AC3F66A32657E797003658EC /* DetailViewModel.swift */,
				58C7A820533124612A752FB1 /* DetailCellViewModel.swift */,
			);
			path = ViewModels;
			sourceTree = "<group>";
		};
		ACD9E839266A1A8F00E6D6BD /* Views */ = {
			isa = PBXGroup;
			children = (
				ACC026FD2657A77C00021DAC /* DetailViewController.swift */,
				58C7A9CB2DFA8E7DC1711493 /* Detail.storyboard */,
			);
			path = Views;
			sourceTree = "<group>";
		};
		ACFCF5532653A70A00A46D40 /* Components */ = {
			isa = PBXGroup;
			children = (
				ACFCF5542653A80A00A46D40 /* Cells */,
				ACFCF55A2653CCD400A46D40 /* Networking */,
				AC3F66A22657E4E5003658EC /* Protocols */,
				58C7A4BA0D3011C7F206E186 /* Xibs */,
			);
			path = Components;
			sourceTree = "<group>";
		};
		ACFCF5542653A80A00A46D40 /* Cells */ = {
			isa = PBXGroup;
			children = (
				ACFCF5512653A70700A46D40 /* ProductListTableCell.swift */,
				AC3F669E2657E3F2003658EC /* CategoryListTableCell.swift */,
			);
			path = Cells;
			sourceTree = "<group>";
		};
		ACFCF55A2653CCD400A46D40 /* Networking */ = {
			isa = PBXGroup;
			children = (
				ACFCF5582653CCC900A46D40 /* Networking.swift */,
				AC85D4AB2653FDFD0017B5AC /* ProductNetworking.swift */,
				AC5865E82656A52600A14876 /* ImageNetworking.swift */,
			);
			path = Networking;
			sourceTree = "<group>";
		};
		ACFCF55D2653D4D400A46D40 /* Responses */ = {
			isa = PBXGroup;
			children = (
				ACFCF55B2653D4C900A46D40 /* ProductResponse.swift */,
				58C7AC67ABD69382F52B1C43 /* CategoryResponse.swift */,
			);
			path = Responses;
			sourceTree = "<group>";
		};
/* End PBXGroup section */

/* Begin PBXNativeTarget section */
		AC101F332652DA0700229855 /* ProductList-MVVM */ = {
			isa = PBXNativeTarget;
			buildConfigurationList = AC101F4B2652DA0800229855 /* Build configuration list for PBXNativeTarget "ProductList-MVVM" */;
			buildPhases = (
				AC101F302652DA0700229855 /* Sources */,
				AC101F312652DA0700229855 /* Frameworks */,
				AC101F322652DA0700229855 /* Resources */,
			);
			buildRules = (
			);
			dependencies = (
			);
			name = "ProductList-MVVM";
			productName = ItemListTest;
			productReference = AC101F342652DA0700229855 /* ProductList-MVVM.app */;
			productType = "com.apple.product-type.application";
		};
/* End PBXNativeTarget section */

/* Begin PBXProject section */
		AC101F2C2652DA0700229855 /* Project object */ = {
			isa = PBXProject;
			attributes = {
				LastSwiftUpdateCheck = 1250;
				LastUpgradeCheck = 1250;
				TargetAttributes = {
					AC101F332652DA0700229855 = {
						CreatedOnToolsVersion = 12.5;
					};
				};
			};
			buildConfigurationList = AC101F2F2652DA0700229855 /* Build configuration list for PBXProject "ProductList-MVVM" */;
			compatibilityVersion = "Xcode 9.3";
			developmentRegion = en;
			hasScannedForEncodings = 0;
			knownRegions = (
				en,
				Base,
			);
			mainGroup = AC101F2B2652DA0700229855;
			productRefGroup = AC101F352652DA0700229855 /* Products */;
			projectDirPath = "";
			projectRoot = "";
			targets = (
				AC101F332652DA0700229855 /* ProductList-MVVM */,
			);
		};
/* End PBXProject section */

/* Begin PBXResourcesBuildPhase section */
		AC101F322652DA0700229855 /* Resources */ = {
			isa = PBXResourcesBuildPhase;
			buildActionMask = 2147483647;
			files = (
				AC101F472652DA0800229855 /* LaunchScreen.storyboard in Resources */,
				AC101F532652DB8C00229855 /* List.storyboard in Resources */,
				AC101F442652DA0800229855 /* Assets.xcassets in Resources */,
				58C7A5DF3C889C4E545F533E /* CartBtnList.xib in Resources */,
				58C7A1B4512FAD04CDE7718B /* CartBtnDetail.xib in Resources */,
				58C7A71881039A6562687D84 /* CartCount.xib in Resources */,
				58C7A5A99884F55CE73DE125 /* Detail.storyboard in Resources */,
			);
			runOnlyForDeploymentPostprocessing = 0;
		};
/* End PBXResourcesBuildPhase section */

/* Begin PBXSourcesBuildPhase section */
		AC101F302652DA0700229855 /* Sources */ = {
			isa = PBXSourcesBuildPhase;
			buildActionMask = 2147483647;
			files = (
				AC3F66A12657E4DB003658EC /* CartBtnProtocol.swift in Sources */,
				AC101F422652DA0700229855 /* ItemListTest.xcdatamodeld in Sources */,
				AC101F382652DA0700229855 /* AppDelegate.swift in Sources */,
				AC101F552652DBA100229855 /* ListViewController.swift in Sources */,
				AC101F5A2652EE4200229855 /* Product.swift in Sources */,
				ACFCF55C2653D4C900A46D40 /* ProductResponse.swift in Sources */,
				AC101F3A2652DA0700229855 /* SceneDelegate.swift in Sources */,
				ACC026FE2657A77C00021DAC /* DetailViewController.swift in Sources */,
				AC5865E92656A52600A14876 /* ImageNetworking.swift in Sources */,
				ACFCF5592653CCC900A46D40 /* Networking.swift in Sources */,
				ACFCF5522653A70700A46D40 /* ProductListTableCell.swift in Sources */,
				AC3F669F2657E3F2003658EC /* CategoryListTableCell.swift in Sources */,
				AC85D4AC2653FDFD0017B5AC /* ProductNetworking.swift in Sources */,
				AC85D4B0265430140017B5AC /* Category.swift in Sources */,
				58C7A40E687755F8477F95A0 /* ListViewModel.swift in Sources */,
				58C7A246DC45E36884682563 /* CategoryResponse.swift in Sources */,
				AC3F66A42657E797003658EC /* DetailViewModel.swift in Sources */,
				58C7ADE823FBB1A438A8317A /* ListViewModelProtocol.swift in Sources */,
				58C7ACFCABA9A63D882FC95C /* ListCellViewModalProtocol.swift in Sources */,
				58C7A8D2CE079A437B9CB1E9 /* CartCount.swift in Sources */,
				58C7A0031D719816690319DE /* CartBtnList.swift in Sources */,
				58C7AB6D0E0E3257FC7C024B /* CartBtnDetail.swift in Sources */,
				58C7A6E756E04F1A2D293B54 /* ListCellViewModel.swift in Sources */,
				58C7A2731E37A724E2B15EEA /* DetailViewModelProtocol.swift in Sources */,
				58C7AA2827E3A68B82E5A75F /* DetailCellViewModel.swift in Sources */,
				58C7AD1AC57057DFBB09E796 /* DetailCellViewModalProtocol.swift in Sources */,
			);
			runOnlyForDeploymentPostprocessing = 0;
		};
/* End PBXSourcesBuildPhase section */

/* Begin PBXVariantGroup section */
		AC101F452652DA0800229855 /* LaunchScreen.storyboard */ = {
			isa = PBXVariantGroup;
			children = (
				AC101F462652DA0800229855 /* Base */,
			);
			name = LaunchScreen.storyboard;
			sourceTree = "<group>";
		};
/* End PBXVariantGroup section */

/* Begin XCBuildConfiguration section */
		AC101F492652DA0800229855 /* Debug */ = {
			isa = XCBuildConfiguration;
			buildSettings = {
				ALWAYS_SEARCH_USER_PATHS = NO;
				CLANG_ANALYZER_NONNULL = YES;
				CLANG_ANALYZER_NUMBER_OBJECT_CONVERSION = YES_AGGRESSIVE;
				CLANG_CXX_LANGUAGE_STANDARD = "gnu++14";
				CLANG_CXX_LIBRARY = "libc++";
				CLANG_ENABLE_MODULES = YES;
				CLANG_ENABLE_OBJC_ARC = YES;
				CLANG_ENABLE_OBJC_WEAK = YES;
				CLANG_WARN_BLOCK_CAPTURE_AUTORELEASING = YES;
				CLANG_WARN_BOOL_CONVERSION = YES;
				CLANG_WARN_COMMA = YES;
				CLANG_WARN_CONSTANT_CONVERSION = YES;
				CLANG_WARN_DEPRECATED_OBJC_IMPLEMENTATIONS = YES;
				CLANG_WARN_DIRECT_OBJC_ISA_USAGE = YES_ERROR;
				CLANG_WARN_DOCUMENTATION_COMMENTS = YES;
				CLANG_WARN_EMPTY_BODY = YES;
				CLANG_WARN_ENUM_CONVERSION = YES;
				CLANG_WARN_INFINITE_RECURSION = YES;
				CLANG_WARN_INT_CONVERSION = YES;
				CLANG_WARN_NON_LITERAL_NULL_CONVERSION = YES;
				CLANG_WARN_OBJC_IMPLICIT_RETAIN_SELF = YES;
				CLANG_WARN_OBJC_LITERAL_CONVERSION = YES;
				CLANG_WARN_OBJC_ROOT_CLASS = YES_ERROR;
				CLANG_WARN_QUOTED_INCLUDE_IN_FRAMEWORK_HEADER = YES;
				CLANG_WARN_RANGE_LOOP_ANALYSIS = YES;
				CLANG_WARN_STRICT_PROTOTYPES = YES;
				CLANG_WARN_SUSPICIOUS_MOVE = YES;
				CLANG_WARN_UNGUARDED_AVAILABILITY = YES_AGGRESSIVE;
				CLANG_WARN_UNREACHABLE_CODE = YES;
				CLANG_WARN__DUPLICATE_METHOD_MATCH = YES;
				COPY_PHASE_STRIP = NO;
				DEBUG_INFORMATION_FORMAT = dwarf;
				ENABLE_STRICT_OBJC_MSGSEND = YES;
				ENABLE_TESTABILITY = YES;
				GCC_C_LANGUAGE_STANDARD = gnu11;
				GCC_DYNAMIC_NO_PIC = NO;
				GCC_NO_COMMON_BLOCKS = YES;
				GCC_OPTIMIZATION_LEVEL = 0;
				GCC_PREPROCESSOR_DEFINITIONS = (
					"DEBUG=1",
					"$(inherited)",
				);
				GCC_WARN_64_TO_32_BIT_CONVERSION = YES;
				GCC_WARN_ABOUT_RETURN_TYPE = YES_ERROR;
				GCC_WARN_UNDECLARED_SELECTOR = YES;
				GCC_WARN_UNINITIALIZED_AUTOS = YES_AGGRESSIVE;
				GCC_WARN_UNUSED_FUNCTION = YES;
				GCC_WARN_UNUSED_VARIABLE = YES;
				IPHONEOS_DEPLOYMENT_TARGET = 14.5;
				MTL_ENABLE_DEBUG_INFO = INCLUDE_SOURCE;
				MTL_FAST_MATH = YES;
				ONLY_ACTIVE_ARCH = YES;
				SDKROOT = iphoneos;
				SWIFT_ACTIVE_COMPILATION_CONDITIONS = DEBUG;
				SWIFT_OPTIMIZATION_LEVEL = "-Onone";
			};
			name = Debug;
		};
		AC101F4A2652DA0800229855 /* Release */ = {
			isa = XCBuildConfiguration;
			buildSettings = {
				ALWAYS_SEARCH_USER_PATHS = NO;
				CLANG_ANALYZER_NONNULL = YES;
				CLANG_ANALYZER_NUMBER_OBJECT_CONVERSION = YES_AGGRESSIVE;
				CLANG_CXX_LANGUAGE_STANDARD = "gnu++14";
				CLANG_CXX_LIBRARY = "libc++";
				CLANG_ENABLE_MODULES = YES;
				CLANG_ENABLE_OBJC_ARC = YES;
				CLANG_ENABLE_OBJC_WEAK = YES;
				CLANG_WARN_BLOCK_CAPTURE_AUTORELEASING = YES;
				CLANG_WARN_BOOL_CONVERSION = YES;
				CLANG_WARN_COMMA = YES;
				CLANG_WARN_CONSTANT_CONVERSION = YES;
				CLANG_WARN_DEPRECATED_OBJC_IMPLEMENTATIONS = YES;
				CLANG_WARN_DIRECT_OBJC_ISA_USAGE = YES_ERROR;
				CLANG_WARN_DOCUMENTATION_COMMENTS = YES;
				CLANG_WARN_EMPTY_BODY = YES;
				CLANG_WARN_ENUM_CONVERSION = YES;
				CLANG_WARN_INFINITE_RECURSION = YES;
				CLANG_WARN_INT_CONVERSION = YES;
				CLANG_WARN_NON_LITERAL_NULL_CONVERSION = YES;
				CLANG_WARN_OBJC_IMPLICIT_RETAIN_SELF = YES;
				CLANG_WARN_OBJC_LITERAL_CONVERSION = YES;
				CLANG_WARN_OBJC_ROOT_CLASS = YES_ERROR;
				CLANG_WARN_QUOTED_INCLUDE_IN_FRAMEWORK_HEADER = YES;
				CLANG_WARN_RANGE_LOOP_ANALYSIS = YES;
				CLANG_WARN_STRICT_PROTOTYPES = YES;
				CLANG_WARN_SUSPICIOUS_MOVE = YES;
				CLANG_WARN_UNGUARDED_AVAILABILITY = YES_AGGRESSIVE;
				CLANG_WARN_UNREACHABLE_CODE = YES;
				CLANG_WARN__DUPLICATE_METHOD_MATCH = YES;
				COPY_PHASE_STRIP = NO;
				DEBUG_INFORMATION_FORMAT = "dwarf-with-dsym";
				ENABLE_NS_ASSERTIONS = NO;
				ENABLE_STRICT_OBJC_MSGSEND = YES;
				GCC_C_LANGUAGE_STANDARD = gnu11;
				GCC_NO_COMMON_BLOCKS = YES;
				GCC_WARN_64_TO_32_BIT_CONVERSION = YES;
				GCC_WARN_ABOUT_RETURN_TYPE = YES_ERROR;
				GCC_WARN_UNDECLARED_SELECTOR = YES;
				GCC_WARN_UNINITIALIZED_AUTOS = YES_AGGRESSIVE;
				GCC_WARN_UNUSED_FUNCTION = YES;
				GCC_WARN_UNUSED_VARIABLE = YES;
				IPHONEOS_DEPLOYMENT_TARGET = 14.5;
				MTL_ENABLE_DEBUG_INFO = NO;
				MTL_FAST_MATH = YES;
				SDKROOT = iphoneos;
				SWIFT_COMPILATION_MODE = wholemodule;
				SWIFT_OPTIMIZATION_LEVEL = "-O";
				VALIDATE_PRODUCT = YES;
			};
			name = Release;
		};
		AC101F4C2652DA0800229855 /* Debug */ = {
			isa = XCBuildConfiguration;
			buildSettings = {
				ASSETCATALOG_COMPILER_APPICON_NAME = AppIcon;
				ASSETCATALOG_COMPILER_GLOBAL_ACCENT_COLOR_NAME = AccentColor;
				CODE_SIGN_STYLE = Automatic;
				DEVELOPMENT_TEAM = KEYTJ8NN69;
				INFOPLIST_FILE = "ProductList-MVVM/Supporting files/Info.plist";
				LD_RUNPATH_SEARCH_PATHS = (
					"$(inherited)",
					"@executable_path/Frameworks",
				);
				PRODUCT_BUNDLE_IDENTIFIER = test.ProductList;
				PRODUCT_NAME = "$(TARGET_NAME)";
				SWIFT_VERSION = 5.0;
				TARGETED_DEVICE_FAMILY = 1;
			};
			name = Debug;
		};
		AC101F4D2652DA0800229855 /* Release */ = {
			isa = XCBuildConfiguration;
			buildSettings = {
				ASSETCATALOG_COMPILER_APPICON_NAME = AppIcon;
				ASSETCATALOG_COMPILER_GLOBAL_ACCENT_COLOR_NAME = AccentColor;
				CODE_SIGN_STYLE = Automatic;
				DEVELOPMENT_TEAM = KEYTJ8NN69;
				INFOPLIST_FILE = "ProductList-MVVM/Supporting files/Info.plist";
				LD_RUNPATH_SEARCH_PATHS = (
					"$(inherited)",
					"@executable_path/Frameworks",
				);
				PRODUCT_BUNDLE_IDENTIFIER = test.ProductList;
				PRODUCT_NAME = "$(TARGET_NAME)";
				SWIFT_VERSION = 5.0;
				TARGETED_DEVICE_FAMILY = 1;
			};
			name = Release;
		};
/* End XCBuildConfiguration section */

/* Begin XCConfigurationList section */
		AC101F2F2652DA0700229855 /* Build configuration list for PBXProject "ProductList-MVVM" */ = {
			isa = XCConfigurationList;
			buildConfigurations = (
				AC101F492652DA0800229855 /* Debug */,
				AC101F4A2652DA0800229855 /* Release */,
			);
			defaultConfigurationIsVisible = 0;
			defaultConfigurationName = Release;
		};
		AC101F4B2652DA0800229855 /* Build configuration list for PBXNativeTarget "ProductList-MVVM" */ = {
			isa = XCConfigurationList;
			buildConfigurations = (
				AC101F4C2652DA0800229855 /* Debug */,
				AC101F4D2652DA0800229855 /* Release */,
			);
			defaultConfigurationIsVisible = 0;
			defaultConfigurationName = Release;
		};
/* End XCConfigurationList section */

/* Begin XCVersionGroup section */
		AC101F402652DA0700229855 /* ItemListTest.xcdatamodeld */ = {
			isa = XCVersionGroup;
			children = (
				AC101F412652DA0700229855 /* ItemListTest.xcdatamodel */,
			);
			currentVersion = AC101F412652DA0700229855 /* ItemListTest.xcdatamodel */;
			path = ItemListTest.xcdatamodeld;
			sourceTree = "<group>";
			versionGroupType = wrapper.xcdatamodel;
		};
/* End XCVersionGroup section */
	};
	rootObject = AC101F2C2652DA0700229855 /* Project object */;
}
